
Microsoft Visual Studio Solution File, Format Version 12.00
# Visual Studio Version 16
VisualStudioVersion = 16.0.30804.86
MinimumVisualStudioVersion = 10.0.40219.1
Project("{FAE04EC0-301F-11D3-BF4B-00C04F79EFBC}") = "Assignment 3 Library System", "Assignment 3 Library System\Assignment 3 Library System.csproj", "{8BF2726B-2892-42DE-A64F-0CEEC2E62B14}"
EndProject
Global
	GlobalSection(SolutionConfigurationPlatforms) = preSolution
		Debug|Any CPU = Debug|Any CPU
		Release|Any CPU = Release|Any CPU
	EndGlobalSection
	GlobalSection(ProjectConfigurationPlatforms) = postSolution
		{8BF2726B-2892-42DE-A64F-0CEEC2E62B14}.Debug|Any CPU.ActiveCfg = Debug|Any CPU
		{8BF2726B-2892-42DE-A64F-0CEEC2E62B14}.Debug|Any CPU.Build.0 = Debug|Any CPU
		{8BF2726B-2892-42DE-A64F-0CEEC2E62B14}.Release|Any CPU.ActiveCfg = Release|Any CPU
		{8BF2726B-2892-42DE-A64F-0CEEC2E62B14}.Release|Any CPU.Build.0 = Release|Any CPU
	EndGlobalSection
	GlobalSection(SolutionProperties) = preSolution
		HideSolutionNode = FALSE
	EndGlobalSection
	GlobalSection(ExtensibilityGlobals) = postSolution
		SolutionGuid = {C5953231-EC62-48DA-9C4E-9C6DD8F0574E}
	EndGlobalSection
EndGlobal
